// !$*UTF8*$!
{
	archiveVersion = 1;
	classes = {
	};
	objectVersion = 46;
	objects = {

/* Begin PBXBuildFile section */
		F934D8911DFFCC77007AB525 /* main.m in Sources */ = {isa = PBXBuildFile; fileRef = F934D8901DFFCC77007AB525 /* main.m */; };
		F934D8941DFFCC77007AB525 /* AppDelegate.m in Sources */ = {isa = PBXBuildFile; fileRef = F934D8931DFFCC77007AB525 /* AppDelegate.m */; };
		F934D8971DFFCC77007AB525 /* ViewController.m in Sources */ = {isa = PBXBuildFile; fileRef = F934D8961DFFCC77007AB525 /* ViewController.m */; };
		F934D89A1DFFCC77007AB525 /* Main.storyboard in Resources */ = {isa = PBXBuildFile; fileRef = F934D8981DFFCC77007AB525 /* Main.storyboard */; };
		F934D89C1DFFCC77007AB525 /* Assets.xcassets in Resources */ = {isa = PBXBuildFile; fileRef = F934D89B1DFFCC77007AB525 /* Assets.xcassets */; };
		F934D89F1DFFCC77007AB525 /* LaunchScreen.storyboard in Resources */ = {isa = PBXBuildFile; fileRef = F934D89D1DFFCC77007AB525 /* LaunchScreen.storyboard */; };
		F934D8AA1DFFCC77007AB525 /* jekenstestTests.m in Sources */ = {isa = PBXBuildFile; fileRef = F934D8A91DFFCC77007AB525 /* jekenstestTests.m */; };
		F934D8B51DFFCC77007AB525 /* jekenstestUITests.m in Sources */ = {isa = PBXBuildFile; fileRef = F934D8B41DFFCC77007AB525 /* jekenstestUITests.m */; };
/* End PBXBuildFile section */

/* Begin PBXContainerItemProxy section */
		F934D8A61DFFCC77007AB525 /* PBXContainerItemProxy */ = {
			isa = PBXContainerItemProxy;
			containerPortal = F934D8841DFFCC77007AB525 /* Project object */;
			proxyType = 1;
			remoteGlobalIDString = F934D88B1DFFCC77007AB525;
			remoteInfo = jekenstest;
		};
		F934D8B11DFFCC77007AB525 /* PBXContainerItemProxy */ = {
			isa = PBXContainerItemProxy;
			containerPortal = F934D8841DFFCC77007AB525 /* Project object */;
			proxyType = 1;
			remoteGlobalIDString = F934D88B1DFFCC77007AB525;
			remoteInfo = jekenstest;
		};
/* End PBXContainerItemProxy section */

/* Begin PBXFileReference section */
		F934D88C1DFFCC77007AB525 /* jekenstest.app */ = {isa = PBXFileReference; explicitFileType = wrapper.application; includeInIndex = 0; path = jekenstest.app; sourceTree = BUILT_PRODUCTS_DIR; };
		F934D8901DFFCC77007AB525 /* main.m */ = {isa = PBXFileReference; lastKnownFileType = sourcecode.c.objc; path = main.m; sourceTree = "<group>"; };
		F934D8921DFFCC77007AB525 /* AppDelegate.h */ = {isa = PBXFileReference; lastKnownFileType = sourcecode.c.h; path = AppDelegate.h; sourceTree = "<group>"; };
		F934D8931DFFCC77007AB525 /* AppDelegate.m */ = {isa = PBXFileReference; lastKnownFileType = sourcecode.c.objc; path = AppDelegate.m; sourceTree = "<group>"; };
		F934D8951DFFCC77007AB525 /* ViewController.h */ = {isa = PBXFileReference; lastKnownFileType = sourcecode.c.h; path = ViewController.h; sourceTree = "<group>"; };
		F934D8961DFFCC77007AB525 /* ViewController.m */ = {isa = PBXFileReference; lastKnownFileType = sourcecode.c.objc; path = ViewController.m; sourceTree = "<group>"; };
		F934D8991DFFCC77007AB525 /* Base */ = {isa = PBXFileReference; lastKnownFileType = file.storyboard; name = Base; path = Base.lproj/Main.storyboard; sourceTree = "<group>"; };
		F934D89B1DFFCC77007AB525 /* Assets.xcassets */ = {isa = PBXFileReference; lastKnownFileType = folder.assetcatalog; path = Assets.xcassets; sourceTree = "<group>"; };
		F934D89E1DFFCC77007AB525 /* Base */ = {isa = PBXFileReference; lastKnownFileType = file.storyboard; name = Base; path = Base.lproj/LaunchScreen.storyboard; sourceTree = "<group>"; };
		F934D8A01DFFCC77007AB525 /* Info.plist */ = {isa = PBXFileReference; lastKnownFileType = text.plist.xml; path = Info.plist; sourceTree = "<group>"; };
		F934D8A51DFFCC77007AB525 /* jekenstestTests.xctest */ = {isa = PBXFileReference; explicitFileType = wrapper.cfbundle; includeInIndex = 0; path = jekenstestTests.xctest; sourceTree = BUILT_PRODUCTS_DIR; };
		F934D8A91DFFCC77007AB525 /* jekenstestTests.m */ = {isa = PBXFileReference; lastKnownFileType = sourcecode.c.objc; path = jekenstestTests.m; sourceTree = "<group>"; };
		F934D8AB1DFFCC77007AB525 /* Info.plist */ = {isa = PBXFileReference; lastKnownFileType = text.plist.xml; path = Info.plist; sourceTree = "<group>"; };
		F934D8B01DFFCC77007AB525 /* jekenstestUITests.xctest */ = {isa = PBXFileReference; explicitFileType = wrapper.cfbundle; includeInIndex = 0; path = jekenstestUITests.xctest; sourceTree = BUILT_PRODUCTS_DIR; };
		F934D8B41DFFCC77007AB525 /* jekenstestUITests.m */ = {isa = PBXFileReference; lastKnownFileType = sourcecode.c.objc; path = jekenstestUITests.m; sourceTree = "<group>"; };
		F934D8B61DFFCC77007AB525 /* Info.plist */ = {isa = PBXFileReference; lastKnownFileType = text.plist.xml; path = Info.plist; sourceTree = "<group>"; };
/* End PBXFileReference section */

/* Begin PBXFrameworksBuildPhase section */
		F934D8891DFFCC77007AB525 /* Frameworks */ = {
			isa = PBXFrameworksBuildPhase;
			buildActionMask = 2147483647;
			files = (
			);
			runOnlyForDeploymentPostprocessing = 0;
		};
		F934D8A21DFFCC77007AB525 /* Frameworks */ = {
			isa = PBXFrameworksBuildPhase;
			buildActionMask = 2147483647;
			files = (
			);
			runOnlyForDeploymentPostprocessing = 0;
		};
		F934D8AD1DFFCC77007AB525 /* Frameworks */ = {
			isa = PBXFrameworksBuildPhase;
			buildActionMask = 2147483647;
			files = (
			);
			runOnlyForDeploymentPostprocessing = 0;
		};
/* End PBXFrameworksBuildPhase section */

/* Begin PBXGroup section */
		F934D8831DFFCC77007AB525 = {
			isa = PBXGroup;
			children = (
				F934D88E1DFFCC77007AB525 /* jekenstest */,
				F934D8A81DFFCC77007AB525 /* jekenstestTests */,
				F934D8B31DFFCC77007AB525 /* jekenstestUITests */,
				F934D88D1DFFCC77007AB525 /* Products */,
			);
			sourceTree = "<group>";
		};
		F934D88D1DFFCC77007AB525 /* Products */ = {
			isa = PBXGroup;
			children = (
				F934D88C1DFFCC77007AB525 /* jekenstest.app */,
				F934D8A51DFFCC77007AB525 /* jekenstestTests.xctest */,
				F934D8B01DFFCC77007AB525 /* jekenstestUITests.xctest */,
			);
			name = Products;
			sourceTree = "<group>";
		};
		F934D88E1DFFCC77007AB525 /* jekenstest */ = {
			isa = PBXGroup;
			children = (
				F934D8921DFFCC77007AB525 /* AppDelegate.h */,
				F934D8931DFFCC77007AB525 /* AppDelegate.m */,
				F934D8951DFFCC77007AB525 /* ViewController.h */,
				F934D8961DFFCC77007AB525 /* ViewController.m */,
				F934D8981DFFCC77007AB525 /* Main.storyboard */,
				F934D89B1DFFCC77007AB525 /* Assets.xcassets */,
				F934D89D1DFFCC77007AB525 /* LaunchScreen.storyboard */,
				F934D8A01DFFCC77007AB525 /* Info.plist */,
				F934D88F1DFFCC77007AB525 /* Supporting Files */,
			);
			path = jekenstest;
			sourceTree = "<group>";
		};
		F934D88F1DFFCC77007AB525 /* Supporting Files */ = {
			isa = PBXGroup;
			children = (
				F934D8901DFFCC77007AB525 /* main.m */,
			);
			name = "Supporting Files";
			sourceTree = "<group>";
		};
		F934D8A81DFFCC77007AB525 /* jekenstestTests */ = {
			isa = PBXGroup;
			children = (
				F934D8A91DFFCC77007AB525 /* jekenstestTests.m */,
				F934D8AB1DFFCC77007AB525 /* Info.plist */,
			);
			path = jekenstestTests;
			sourceTree = "<group>";
		};
		F934D8B31DFFCC77007AB525 /* jekenstestUITests */ = {
			isa = PBXGroup;
			children = (
				F934D8B41DFFCC77007AB525 /* jekenstestUITests.m */,
				F934D8B61DFFCC77007AB525 /* Info.plist */,
			);
			path = jekenstestUITests;
			sourceTree = "<group>";
		};
/* End PBXGroup section */

/* Begin PBXNativeTarget section */
		F934D88B1DFFCC77007AB525 /* jekenstest */ = {
			isa = PBXNativeTarget;
			buildConfigurationList = F934D8B91DFFCC77007AB525 /* Build configuration list for PBXNativeTarget "jekenstest" */;
			buildPhases = (
				F934D8881DFFCC77007AB525 /* Sources */,
				F934D8891DFFCC77007AB525 /* Frameworks */,
				F934D88A1DFFCC77007AB525 /* Resources */,
			);
			buildRules = (
			);
			dependencies = (
			);
			name = jekenstest;
			productName = jekenstest;
			productReference = F934D88C1DFFCC77007AB525 /* jekenstest.app */;
			productType = "com.apple.product-type.application";
		};
		F934D8A41DFFCC77007AB525 /* jekenstestTests */ = {
			isa = PBXNativeTarget;
			buildConfigurationList = F934D8BC1DFFCC77007AB525 /* Build configuration list for PBXNativeTarget "jekenstestTests" */;
			buildPhases = (
				F934D8A11DFFCC77007AB525 /* Sources */,
				F934D8A21DFFCC77007AB525 /* Frameworks */,
				F934D8A31DFFCC77007AB525 /* Resources */,
			);
			buildRules = (
			);
			dependencies = (
				F934D8A71DFFCC77007AB525 /* PBXTargetDependency */,
			);
			name = jekenstestTests;
			productName = jekenstestTests;
			productReference = F934D8A51DFFCC77007AB525 /* jekenstestTests.xctest */;
			productType = "com.apple.product-type.bundle.unit-test";
		};
		F934D8AF1DFFCC77007AB525 /* jekenstestUITests */ = {
			isa = PBXNativeTarget;
			buildConfigurationList = F934D8BF1DFFCC77007AB525 /* Build configuration list for PBXNativeTarget "jekenstestUITests" */;
			buildPhases = (
				F934D8AC1DFFCC77007AB525 /* Sources */,
				F934D8AD1DFFCC77007AB525 /* Frameworks */,
				F934D8AE1DFFCC77007AB525 /* Resources */,
			);
			buildRules = (
			);
			dependencies = (
				F934D8B21DFFCC77007AB525 /* PBXTargetDependency */,
			);
			name = jekenstestUITests;
			productName = jekenstestUITests;
			productReference = F934D8B01DFFCC77007AB525 /* jekenstestUITests.xctest */;
			productType = "com.apple.product-type.bundle.ui-testing";
		};
/* End PBXNativeTarget section */

/* Begin PBXProject section */
		F934D8841DFFCC77007AB525 /* Project object */ = {
			isa = PBXProject;
			attributes = {
				LastUpgradeCheck = 0810;
				ORGANIZATIONNAME = UFotoSoft;
				TargetAttributes = {
					F934D88B1DFFCC77007AB525 = {
						CreatedOnToolsVersion = 8.1;
						DevelopmentTeam = 8Y2577YSMW;
						ProvisioningStyle = Automatic;
					};
					F934D8A41DFFCC77007AB525 = {
						CreatedOnToolsVersion = 8.1;
						DevelopmentTeam = 8Y2577YSMW;
						ProvisioningStyle = Automatic;
						TestTargetID = F934D88B1DFFCC77007AB525;
					};
					F934D8AF1DFFCC77007AB525 = {
						CreatedOnToolsVersion = 8.1;
						DevelopmentTeam = 8Y2577YSMW;
						ProvisioningStyle = Automatic;
						TestTargetID = F934D88B1DFFCC77007AB525;
					};
				};
			};
			buildConfigurationList = F934D8871DFFCC77007AB525 /* Build configuration list for PBXProject "jekenstest" */;
			compatibilityVersion = "Xcode 3.2";
			developmentRegion = English;
			hasScannedForEncodings = 0;
			knownRegions = (
				en,
				Base,
			);
			mainGroup = F934D8831DFFCC77007AB525;
			productRefGroup = F934D88D1DFFCC77007AB525 /* Products */;
			projectDirPath = "";
			projectRoot = "";
			targets = (
				F934D88B1DFFCC77007AB525 /* jekenstest */,
				F934D8A41DFFCC77007AB525 /* jekenstestTests */,
				F934D8AF1DFFCC77007AB525 /* jekenstestUITests */,
			);
		};
/* End PBXProject section */

/* Begin PBXResourcesBuildPhase section */
		F934D88A1DFFCC77007AB525 /* Resources */ = {
			isa = PBXResourcesBuildPhase;
			buildActionMask = 2147483647;
			files = (
				F934D89F1DFFCC77007AB525 /* LaunchScreen.storyboard in Resources */,
				F934D89C1DFFCC77007AB525 /* Assets.xcassets in Resources */,
				F934D89A1DFFCC77007AB525 /* Main.storyboard in Resources */,
			);
			runOnlyForDeploymentPostprocessing = 0;
		};
		F934D8A31DFFCC77007AB525 /* Resources */ = {
			isa = PBXResourcesBuildPhase;
			buildActionMask = 2147483647;
			files = (
			);
			runOnlyForDeploymentPostprocessing = 0;
		};
		F934D8AE1DFFCC77007AB525 /* Resources */ = {
			isa = PBXResourcesBuildPhase;
			buildActionMask = 2147483647;
			files = (
			);
			runOnlyForDeploymentPostprocessing = 0;
		};
/* End PBXResourcesBuildPhase section */

/* Begin PBXSourcesBuildPhase section */
		F934D8881DFFCC77007AB525 /* Sources */ = {
			isa = PBXSourcesBuildPhase;
			buildActionMask = 2147483647;
			files = (
				F934D8971DFFCC77007AB525 /* ViewController.m in Sources */,
				F934D8941DFFCC77007AB525 /* AppDelegate.m in Sources */,
				F934D8911DFFCC77007AB525 /* main.m in Sources */,
			);
			runOnlyForDeploymentPostprocessing = 0;
		};
		F934D8A11DFFCC77007AB525 /* Sources */ = {
			isa = PBXSourcesBuildPhase;
			buildActionMask = 2147483647;
			files = (
				F934D8AA1DFFCC77007AB525 /* jekenstestTests.m in Sources */,
			);
			runOnlyForDeploymentPostprocessing = 0;
		};
		F934D8AC1DFFCC77007AB525 /* Sources */ = {
			isa = PBXSourcesBuildPhase;
			buildActionMask = 2147483647;
			files = (
				F934D8B51DFFCC77007AB525 /* jekenstestUITests.m in Sources */,
			);
			runOnlyForDeploymentPostprocessing = 0;
		};
/* End PBXSourcesBuildPhase section */

/* Begin PBXTargetDependency section */
		F934D8A71DFFCC77007AB525 /* PBXTargetDependency */ = {
			isa = PBXTargetDependency;
			target = F934D88B1DFFCC77007AB525 /* jekenstest */;
			targetProxy = F934D8A61DFFCC77007AB525 /* PBXContainerItemProxy */;
		};
		F934D8B21DFFCC77007AB525 /* PBXTargetDependency */ = {
			isa = PBXTargetDependency;
			target = F934D88B1DFFCC77007AB525 /* jekenstest */;
			targetProxy = F934D8B11DFFCC77007AB525 /* PBXContainerItemProxy */;
		};
/* End PBXTargetDependency section */

/* Begin PBXVariantGroup section */
		F934D8981DFFCC77007AB525 /* Main.storyboard */ = {
			isa = PBXVariantGroup;
			children = (
				F934D8991DFFCC77007AB525 /* Base */,
			);
			name = Main.storyboard;
			sourceTree = "<group>";
		};
		F934D89D1DFFCC77007AB525 /* LaunchScreen.storyboard */ = {
			isa = PBXVariantGroup;
			children = (
				F934D89E1DFFCC77007AB525 /* Base */,
			);
			name = LaunchScreen.storyboard;
			sourceTree = "<group>";
		};
/* End PBXVariantGroup section */

/* Begin XCBuildConfiguration section */
		F934D8B71DFFCC77007AB525 /* Debug */ = {
			isa = XCBuildConfiguration;
			buildSettings = {
				ALWAYS_SEARCH_USER_PATHS = NO;
				CLANG_ANALYZER_NONNULL = YES;
				CLANG_CXX_LANGUAGE_STANDARD = "gnu++0x";
				CLANG_CXX_LIBRARY = "libc++";
				CLANG_ENABLE_MODULES = YES;
				CLANG_ENABLE_OBJC_ARC = YES;
				CLANG_WARN_BOOL_CONVERSION = YES;
				CLANG_WARN_CONSTANT_CONVERSION = YES;
				CLANG_WARN_DIRECT_OBJC_ISA_USAGE = YES_ERROR;
				CLANG_WARN_DOCUMENTATION_COMMENTS = YES;
				CLANG_WARN_EMPTY_BODY = YES;
				CLANG_WARN_ENUM_CONVERSION = YES;
				CLANG_WARN_INFINITE_RECURSION = YES;
				CLANG_WARN_INT_CONVERSION = YES;
				CLANG_WARN_OBJC_ROOT_CLASS = YES_ERROR;
				CLANG_WARN_SUSPICIOUS_MOVES = YES;
				CLANG_WARN_UNREACHABLE_CODE = YES;
				CLANG_WARN__DUPLICATE_METHOD_MATCH = YES;
				"CODE_SIGN_IDENTITY[sdk=iphoneos*]" = "iPhone Developer";
				COPY_PHASE_STRIP = NO;
				DEBUG_INFORMATION_FORMAT = dwarf;
				ENABLE_STRICT_OBJC_MSGSEND = YES;
				ENABLE_TESTABILITY = YES;
				GCC_C_LANGUAGE_STANDARD = gnu99;
				GCC_DYNAMIC_NO_PIC = NO;
				GCC_NO_COMMON_BLOCKS = YES;
				GCC_OPTIMIZATION_LEVEL = 0;
				GCC_PREPROCESSOR_DEFINITIONS = (
					"DEBUG=1",
					"$(inherited)",
				);
				GCC_WARN_64_TO_32_BIT_CONVERSION = YES;
				GCC_WARN_ABOUT_RETURN_TYPE = YES_ERROR;
				GCC_WARN_UNDECLARED_SELECTOR = YES;
				GCC_WARN_UNINITIALIZED_AUTOS = YES_AGGRESSIVE;
				GCC_WARN_UNUSED_FUNCTION = YES;
				GCC_WARN_UNUSED_VARIABLE = YES;
				IPHONEOS_DEPLOYMENT_TARGET = 10.1;
				MTL_ENABLE_DEBUG_INFO = YES;
				ONLY_ACTIVE_ARCH = YES;
				SDKROOT = iphoneos;
				TARGETED_DEVICE_FAMILY = "1,2";
			};
			name = Debug;
		};
		F934D8B81DFFCC77007AB525 /* Release */ = {
			isa = XCBuildConfiguration;
			buildSettings = {
				ALWAYS_SEARCH_USER_PATHS = NO;
				CLANG_ANALYZER_NONNULL = YES;
				CLANG_CXX_LANGUAGE_STANDARD = "gnu++0x";
				CLANG_CXX_LIBRARY = "libc++";
				CLANG_ENABLE_MODULES = YES;
				CLANG_ENABLE_OBJC_ARC = YES;
				CLANG_WARN_BOOL_CONVERSION = YES;
				CLANG_WARN_CONSTANT_CONVERSION = YES;
				CLANG_WARN_DIRECT_OBJC_ISA_USAGE = YES_ERROR;
				CLANG_WARN_DOCUMENTATION_COMMENTS = YES;
				CLANG_WARN_EMPTY_BODY = YES;
				CLANG_WARN_ENUM_CONVERSION = YES;
				CLANG_WARN_INFINITE_RECURSION = YES;
				CLANG_WARN_INT_CONVERSION = YES;
				CLANG_WARN_OBJC_ROOT_CLASS = YES_ERROR;
				CLANG_WARN_SUSPICIOUS_MOVES = YES;
				CLANG_WARN_UNREACHABLE_CODE = YES;
				CLANG_WARN__DUPLICATE_METHOD_MATCH = YES;
				"CODE_SIGN_IDENTITY[sdk=iphoneos*]" = "iPhone Developer";
				COPY_PHASE_STRIP = NO;
				DEBUG_INFORMATION_FORMAT = "dwarf-with-dsym";
				ENABLE_NS_ASSERTIONS = NO;
				ENABLE_STRICT_OBJC_MSGSEND = YES;
				GCC_C_LANGUAGE_STANDARD = gnu99;
				GCC_NO_COMMON_BLOCKS = YES;
				GCC_WARN_64_TO_32_BIT_CONVERSION = YES;
				GCC_WARN_ABOUT_RETURN_TYPE = YES_ERROR;
				GCC_WARN_UNDECLARED_SELECTOR = YES;
				GCC_WARN_UNINITIALIZED_AUTOS = YES_AGGRESSIVE;
				GCC_WARN_UNUSED_FUNCTION = YES;
				GCC_WARN_UNUSED_VARIABLE = YES;
				IPHONEOS_DEPLOYMENT_TARGET = 10.1;
				MTL_ENABLE_DEBUG_INFO = NO;
				SDKROOT = iphoneos;
				TARGETED_DEVICE_FAMILY = "1,2";
				VALIDATE_PRODUCT = YES;
			};
			name = Release;
		};
		F934D8BA1DFFCC77007AB525 /* Debug */ = {
			isa = XCBuildConfiguration;
			buildSettings = {
				ASSETCATALOG_COMPILER_APPICON_NAME = AppIcon;
				DEVELOPMENT_TEAM = 8Y2577YSMW;
				INFOPLIST_FILE = jekenstest/Info.plist;
				LD_RUNPATH_SEARCH_PATHS = "$(inherited) @executable_path/Frameworks";
				PRODUCT_BUNDLE_IDENTIFIER = UFotoSoft.jekenstest;
				PRODUCT_NAME = "$(TARGET_NAME)";
			};
			name = Debug;
		};
		F934D8BB1DFFCC77007AB525 /* Release */ = {
			isa = XCBuildConfiguration;
			buildSettings = {
				ASSETCATALOG_COMPILER_APPICON_NAME = AppIcon;
				DEVELOPMENT_TEAM = 8Y2577YSMW;
				INFOPLIST_FILE = jekenstest/Info.plist;
				LD_RUNPATH_SEARCH_PATHS = "$(inherited) @executable_path/Frameworks";
				PRODUCT_BUNDLE_IDENTIFIER = UFotoSoft.jekenstest;
				PRODUCT_NAME = "$(TARGET_NAME)";
			};
			name = Release;
		};
		F934D8BD1DFFCC77007AB525 /* Debug */ = {
			isa = XCBuildConfiguration;
			buildSettings = {
				BUNDLE_LOADER = "$(TEST_HOST)";
				DEVELOPMENT_TEAM = 8Y2577YSMW;
				INFOPLIST_FILE = jekenstestTests/Info.plist;
				LD_RUNPATH_SEARCH_PATHS = "$(inherited) @executable_path/Frameworks @loader_path/Frameworks";
				PRODUCT_BUNDLE_IDENTIFIER = UFotoSoft.jekenstestTests;
				PRODUCT_NAME = "$(TARGET_NAME)";
				TEST_HOST = "$(BUILT_PRODUCTS_DIR)/jekenstest.app/jekenstest";
			};
			name = Debug;
		};
		F934D8BE1DFFCC77007AB525 /* Release */ = {
			isa = XCBuildConfiguration;
			buildSettings = {
				BUNDLE_LOADER = "$(TEST_HOST)";
				DEVELOPMENT_TEAM = 8Y2577YSMW;
				INFOPLIST_FILE = jekenstestTests/Info.plist;
				LD_RUNPATH_SEARCH_PATHS = "$(inherited) @executable_path/Frameworks @loader_path/Frameworks";
				PRODUCT_BUNDLE_IDENTIFIER = UFotoSoft.jekenstestTests;
				PRODUCT_NAME = "$(TARGET_NAME)";
				TEST_HOST = "$(BUILT_PRODUCTS_DIR)/jekenstest.app/jekenstest";
			};
			name = Release;
		};
		F934D8C01DFFCC77007AB525 /* Debug */ = {
			isa = XCBuildConfiguration;
			buildSettings = {
				DEVELOPMENT_TEAM = 8Y2577YSMW;
				INFOPLIST_FILE = jekenstestUITests/Info.plist;
				LD_RUNPATH_SEARCH_PATHS = "$(inherited) @executable_path/Frameworks @loader_path/Frameworks";
				PRODUCT_BUNDLE_IDENTIFIER = UFotoSoft.jekenstestUITests;
				PRODUCT_NAME = "$(TARGET_NAME)";
				TEST_TARGET_NAME = jekenstest;
			};
			name = Debug;
		};
		F934D8C11DFFCC77007AB525 /* Release */ = {
			isa = XCBuildConfiguration;
			buildSettings = {
				DEVELOPMENT_TEAM = 8Y2577YSMW;
				INFOPLIST_FILE = jekenstestUITests/Info.plist;
				LD_RUNPATH_SEARCH_PATHS = "$(inherited) @executable_path/Frameworks @loader_path/Frameworks";
				PRODUCT_BUNDLE_IDENTIFIER = UFotoSoft.jekenstestUITests;
				PRODUCT_NAME = "$(TARGET_NAME)";
				TEST_TARGET_NAME = jekenstest;
			};
			name = Release;
		};
/* End XCBuildConfiguration section */

/* Begin XCConfigurationList section */
		F934D8871DFFCC77007AB525 /* Build configuration list for PBXProject "jekenstest" */ = {
			isa = XCConfigurationList;
			buildConfigurations = (
				F934D8B71DFFCC77007AB525 /* Debug */,
				F934D8B81DFFCC77007AB525 /* Release */,
			);
			defaultConfigurationIsVisible = 0;
			defaultConfigurationName = Release;
		};
		F934D8B91DFFCC77007AB525 /* Build configuration list for PBXNativeTarget "jekenstest" */ = {
			isa = XCConfigurationList;
			buildConfigurations = (
				F934D8BA1DFFCC77007AB525 /* Debug */,
				F934D8BB1DFFCC77007AB525 /* Release */,
			);
			defaultConfigurationIsVisible = 0;
		};
		F934D8BC1DFFCC77007AB525 /* Build configuration list for PBXNativeTarget "jekenstestTests" */ = {
			isa = XCConfigurationList;
			buildConfigurations = (
				F934D8BD1DFFCC77007AB525 /* Debug */,
				F934D8BE1DFFCC77007AB525 /* Release */,
			);
			defaultConfigurationIsVisible = 0;
		};
		F934D8BF1DFFCC77007AB525 /* Build configuration list for PBXNativeTarget "jekenstestUITests" */ = {
			isa = XCConfigurationList;
			buildConfigurations = (
				F934D8C01DFFCC77007AB525 /* Debug */,
				F934D8C11DFFCC77007AB525 /* Release */,
			);
			defaultConfigurationIsVisible = 0;
		};
/* End XCConfigurationList section */
	};
	rootObject = F934D8841DFFCC77007AB525 /* Project object */;
}
